
Microsoft Visual Studio Solution File, Format Version 12.00
# Visual Studio Version 17
VisualStudioVersion = 17.3.32922.545
MinimumVisualStudioVersion = 10.0.40219.1
Project("{FAE04EC0-301F-11D3-BF4B-00C04F79EFBC}") = "lab2", "lab2\lab2.csproj", "{C5463E93-2F6D-4C40-9191-05B16DDBAA4B}"
EndProject
Global
	GlobalSection(SolutionConfigurationPlatforms) = preSolution
		Debug|Any CPU = Debug|Any CPU
		Release|Any CPU = Release|Any CPU
	EndGlobalSection
	GlobalSection(ProjectConfigurationPlatforms) = postSolution
		{C5463E93-2F6D-4C40-9191-05B16DDBAA4B}.Debug|Any CPU.ActiveCfg = Debug|Any CPU
		{C5463E93-2F6D-4C40-9191-05B16DDBAA4B}.Debug|Any CPU.Build.0 = Debug|Any CPU
		{C5463E93-2F6D-4C40-9191-05B16DDBAA4B}.Release|Any CPU.ActiveCfg = Release|Any CPU
		{C5463E93-2F6D-4C40-9191-05B16DDBAA4B}.Release|Any CPU.Build.0 = Release|Any CPU
	EndGlobalSection
	GlobalSection(SolutionProperties) = preSolution
		HideSolutionNode = FALSE
	EndGlobalSection
	GlobalSection(ExtensibilityGlobals) = postSolution
		SolutionGuid = {04CE7FD2-E33F-47DE-8300-1AA236B2642F}
	EndGlobalSection
EndGlobal
